
Microsoft Visual Studio Solution File, Format Version 12.00
# Visual Studio Version 16
VisualStudioVersion = 16.0.29001.49
MinimumVisualStudioVersion = 10.0.40219.1
Project("{FAE04EC0-301F-11D3-BF4B-00C04F79EFBC}") = "Practice4.Android", "Practice4.Android\Practice4.Android.csproj", "{9A88F614-3627-4C16-9627-F4093DDE552E}"
EndProject
Project("{FAE04EC0-301F-11D3-BF4B-00C04F79EFBC}") = "Practice4.iOS", "Practice4.iOS\Practice4.iOS.csproj", "{0408360A-5234-4C86-B33A-A0BB66701C68}"
EndProject
Project("{FAE04EC0-301F-11D3-BF4B-00C04F79EFBC}") = "Practice4", "Practice4\Practice4.csproj", "{3A4D806F-6560-4F6E-BDBB-3044E981133C}"
EndProject
Global
	GlobalSection(SolutionConfigurationPlatforms) = preSolution
		Debug|Any CPU = Debug|Any CPU
		Debug|iPhone = Debug|iPhone
		Debug|iPhoneSimulator = Debug|iPhoneSimulator
		Release|Any CPU = Release|Any CPU
		Release|iPhone = Release|iPhone
		Release|iPhoneSimulator = Release|iPhoneSimulator
	EndGlobalSection
	GlobalSection(ProjectConfigurationPlatforms) = postSolution
		{9A88F614-3627-4C16-9627-F4093DDE552E}.Debug|Any CPU.ActiveCfg = Debug|Any CPU
		{9A88F614-3627-4C16-9627-F4093DDE552E}.Debug|Any CPU.Build.0 = Debug|Any CPU
		{9A88F614-3627-4C16-9627-F4093DDE552E}.Debug|Any CPU.Deploy.0 = Debug|Any CPU
		{9A88F614-3627-4C16-9627-F4093DDE552E}.Debug|iPhone.ActiveCfg = Debug|Any CPU
		{9A88F614-3627-4C16-9627-F4093DDE552E}.Debug|iPhone.Build.0 = Debug|Any CPU
		{9A88F614-3627-4C16-9627-F4093DDE552E}.Debug|iPhone.Deploy.0 = Debug|Any CPU
		{9A88F614-3627-4C16-9627-F4093DDE552E}.Debug|iPhoneSimulator.ActiveCfg = Debug|Any CPU
		{9A88F614-3627-4C16-9627-F4093DDE552E}.Debug|iPhoneSimulator.Build.0 = Debug|Any CPU
		{9A88F614-3627-4C16-9627-F4093DDE552E}.Debug|iPhoneSimulator.Deploy.0 = Debug|Any CPU
		{9A88F614-3627-4C16-9627-F4093DDE552E}.Release|Any CPU.ActiveCfg = Release|Any CPU
		{9A88F614-3627-4C16-9627-F4093DDE552E}.Release|Any CPU.Build.0 = Release|Any CPU
		{9A88F614-3627-4C16-9627-F4093DDE552E}.Release|Any CPU.Deploy.0 = Release|Any CPU
		{9A88F614-3627-4C16-9627-F4093DDE552E}.Release|iPhone.ActiveCfg = Release|Any CPU
		{9A88F614-3627-4C16-9627-F4093DDE552E}.Release|iPhone.Build.0 = Release|Any CPU
		{9A88F614-3627-4C16-9627-F4093DDE552E}.Release|iPhone.Deploy.0 = Release|Any CPU
		{9A88F614-3627-4C16-9627-F4093DDE552E}.Release|iPhoneSimulator.ActiveCfg = Release|Any CPU
		{9A88F614-3627-4C16-9627-F4093DDE552E}.Release|iPhoneSimulator.Build.0 = Release|Any CPU
		{9A88F614-3627-4C16-9627-F4093DDE552E}.Release|iPhoneSimulator.Deploy.0 = Release|Any CPU
		{0408360A-5234-4C86-B33A-A0BB66701C68}.Debug|Any CPU.ActiveCfg = Debug|iPhoneSimulator
		{0408360A-5234-4C86-B33A-A0BB66701C68}.Debug|Any CPU.Build.0 = Debug|iPhoneSimulator
		{0408360A-5234-4C86-B33A-A0BB66701C68}.Debug|Any CPU.Deploy.0 = Debug|iPhoneSimulator
		{0408360A-5234-4C86-B33A-A0BB66701C68}.Debug|iPhone.ActiveCfg = Debug|iPhone
		{0408360A-5234-4C86-B33A-A0BB66701C68}.Debug|iPhone.Build.0 = Debug|iPhone
		{0408360A-5234-4C86-B33A-A0BB66701C68}.Debug|iPhone.Deploy.0 = Debug|iPhone
		{0408360A-5234-4C86-B33A-A0BB66701C68}.Debug|iPhoneSimulator.ActiveCfg = Debug|iPhoneSimulator
		{0408360A-5234-4C86-B33A-A0BB66701C68}.Debug|iPhoneSimulator.Build.0 = Debug|iPhoneSimulator
		{0408360A-5234-4C86-B33A-A0BB66701C68}.Debug|iPhoneSimulator.Deploy.0 = Debug|iPhoneSimulator
		{0408360A-5234-4C86-B33A-A0BB66701C68}.Release|Any CPU.ActiveCfg = Release|iPhone
		{0408360A-5234-4C86-B33A-A0BB66701C68}.Release|Any CPU.Build.0 = Release|iPhone
		{0408360A-5234-4C86-B33A-A0BB66701C68}.Release|Any CPU.Deploy.0 = Release|iPhone
		{0408360A-5234-4C86-B33A-A0BB66701C68}.Release|iPhone.ActiveCfg = Release|iPhone
		{0408360A-5234-4C86-B33A-A0BB66701C68}.Release|iPhone.Build.0 = Release|iPhone
		{0408360A-5234-4C86-B33A-A0BB66701C68}.Release|iPhone.Deploy.0 = Release|iPhone
		{0408360A-5234-4C86-B33A-A0BB66701C68}.Release|iPhoneSimulator.ActiveCfg = Release|iPhoneSimulator
		{0408360A-5234-4C86-B33A-A0BB66701C68}.Release|iPhoneSimulator.Build.0 = Release|iPhoneSimulator
		{0408360A-5234-4C86-B33A-A0BB66701C68}.Release|iPhoneSimulator.Deploy.0 = Release|iPhoneSimulator
		{3A4D806F-6560-4F6E-BDBB-3044E981133C}.Debug|Any CPU.ActiveCfg = Debug|Any CPU
		{3A4D806F-6560-4F6E-BDBB-3044E981133C}.Debug|Any CPU.Build.0 = Debug|Any CPU
		{3A4D806F-6560-4F6E-BDBB-3044E981133C}.Debug|Any CPU.Deploy.0 = Debug|Any CPU
		{3A4D806F-6560-4F6E-BDBB-3044E981133C}.Debug|iPhone.ActiveCfg = Debug|Any CPU
		{3A4D806F-6560-4F6E-BDBB-3044E981133C}.Debug|iPhone.Build.0 = Debug|Any CPU
		{3A4D806F-6560-4F6E-BDBB-3044E981133C}.Debug|iPhone.Deploy.0 = Debug|Any CPU
		{3A4D806F-6560-4F6E-BDBB-3044E981133C}.Debug|iPhoneSimulator.ActiveCfg = Debug|Any CPU
		{3A4D806F-6560-4F6E-BDBB-3044E981133C}.Debug|iPhoneSimulator.Build.0 = Debug|Any CPU
		{3A4D806F-6560-4F6E-BDBB-3044E981133C}.Debug|iPhoneSimulator.Deploy.0 = Debug|Any CPU
		{3A4D806F-6560-4F6E-BDBB-3044E981133C}.Release|Any CPU.ActiveCfg = Release|Any CPU
		{3A4D806F-6560-4F6E-BDBB-3044E981133C}.Release|Any CPU.Build.0 = Release|Any CPU
		{3A4D806F-6560-4F6E-BDBB-3044E981133C}.Release|Any CPU.Deploy.0 = Release|Any CPU
		{3A4D806F-6560-4F6E-BDBB-3044E981133C}.Release|iPhone.ActiveCfg = Release|Any CPU
		{3A4D806F-6560-4F6E-BDBB-3044E981133C}.Release|iPhone.Build.0 = Release|Any CPU
		{3A4D806F-6560-4F6E-BDBB-3044E981133C}.Release|iPhone.Deploy.0 = Release|Any CPU
		{3A4D806F-6560-4F6E-BDBB-3044E981133C}.Release|iPhoneSimulator.ActiveCfg = Release|Any CPU
		{3A4D806F-6560-4F6E-BDBB-3044E981133C}.Release|iPhoneSimulator.Build.0 = Release|Any CPU
		{3A4D806F-6560-4F6E-BDBB-3044E981133C}.Release|iPhoneSimulator.Deploy.0 = Release|Any CPU
	EndGlobalSection
	GlobalSection(SolutionProperties) = preSolution
		HideSolutionNode = FALSE
	EndGlobalSection
	GlobalSection(ExtensibilityGlobals) = postSolution
		SolutionGuid = {A8994BAF-84E8-477F-A323-5679A0536E4D}
	EndGlobalSection
EndGlobal
