
Microsoft Visual Studio Solution File, Format Version 12.00
# Visual Studio Version 16
VisualStudioVersion = 16.0.29001.49
MinimumVisualStudioVersion = 10.0.40219.1
Project("{FAE04EC0-301F-11D3-BF4B-00C04F79EFBC}") = "Practice5.Android", "Practice5.Android\Practice5.Android.csproj", "{2549FDBC-815E-4DF0-9620-902A10FF458E}"
EndProject
Project("{FAE04EC0-301F-11D3-BF4B-00C04F79EFBC}") = "Practice5.iOS", "Practice5.iOS\Practice5.iOS.csproj", "{76A19E67-06FA-4EC4-83E5-11833E3EDE61}"
EndProject
Project("{FAE04EC0-301F-11D3-BF4B-00C04F79EFBC}") = "Practice5", "Practice5\Practice5.csproj", "{F061D909-C061-4FEB-8DB5-563EBB8EC3CA}"
EndProject
Global
	GlobalSection(SolutionConfigurationPlatforms) = preSolution
		Debug|Any CPU = Debug|Any CPU
		Debug|iPhone = Debug|iPhone
		Debug|iPhoneSimulator = Debug|iPhoneSimulator
		Release|Any CPU = Release|Any CPU
		Release|iPhone = Release|iPhone
		Release|iPhoneSimulator = Release|iPhoneSimulator
	EndGlobalSection
	GlobalSection(ProjectConfigurationPlatforms) = postSolution
		{2549FDBC-815E-4DF0-9620-902A10FF458E}.Debug|Any CPU.ActiveCfg = Debug|Any CPU
		{2549FDBC-815E-4DF0-9620-902A10FF458E}.Debug|Any CPU.Build.0 = Debug|Any CPU
		{2549FDBC-815E-4DF0-9620-902A10FF458E}.Debug|Any CPU.Deploy.0 = Debug|Any CPU
		{2549FDBC-815E-4DF0-9620-902A10FF458E}.Debug|iPhone.ActiveCfg = Debug|Any CPU
		{2549FDBC-815E-4DF0-9620-902A10FF458E}.Debug|iPhone.Build.0 = Debug|Any CPU
		{2549FDBC-815E-4DF0-9620-902A10FF458E}.Debug|iPhone.Deploy.0 = Debug|Any CPU
		{2549FDBC-815E-4DF0-9620-902A10FF458E}.Debug|iPhoneSimulator.ActiveCfg = Debug|Any CPU
		{2549FDBC-815E-4DF0-9620-902A10FF458E}.Debug|iPhoneSimulator.Build.0 = Debug|Any CPU
		{2549FDBC-815E-4DF0-9620-902A10FF458E}.Debug|iPhoneSimulator.Deploy.0 = Debug|Any CPU
		{2549FDBC-815E-4DF0-9620-902A10FF458E}.Release|Any CPU.ActiveCfg = Release|Any CPU
		{2549FDBC-815E-4DF0-9620-902A10FF458E}.Release|Any CPU.Build.0 = Release|Any CPU
		{2549FDBC-815E-4DF0-9620-902A10FF458E}.Release|Any CPU.Deploy.0 = Release|Any CPU
		{2549FDBC-815E-4DF0-9620-902A10FF458E}.Release|iPhone.ActiveCfg = Release|Any CPU
		{2549FDBC-815E-4DF0-9620-902A10FF458E}.Release|iPhone.Build.0 = Release|Any CPU
		{2549FDBC-815E-4DF0-9620-902A10FF458E}.Release|iPhone.Deploy.0 = Release|Any CPU
		{2549FDBC-815E-4DF0-9620-902A10FF458E}.Release|iPhoneSimulator.ActiveCfg = Release|Any CPU
		{2549FDBC-815E-4DF0-9620-902A10FF458E}.Release|iPhoneSimulator.Build.0 = Release|Any CPU
		{2549FDBC-815E-4DF0-9620-902A10FF458E}.Release|iPhoneSimulator.Deploy.0 = Release|Any CPU
		{76A19E67-06FA-4EC4-83E5-11833E3EDE61}.Debug|Any CPU.ActiveCfg = Debug|iPhoneSimulator
		{76A19E67-06FA-4EC4-83E5-11833E3EDE61}.Debug|Any CPU.Build.0 = Debug|iPhoneSimulator
		{76A19E67-06FA-4EC4-83E5-11833E3EDE61}.Debug|Any CPU.Deploy.0 = Debug|iPhoneSimulator
		{76A19E67-06FA-4EC4-83E5-11833E3EDE61}.Debug|iPhone.ActiveCfg = Debug|iPhone
		{76A19E67-06FA-4EC4-83E5-11833E3EDE61}.Debug|iPhone.Build.0 = Debug|iPhone
		{76A19E67-06FA-4EC4-83E5-11833E3EDE61}.Debug|iPhone.Deploy.0 = Debug|iPhone
		{76A19E67-06FA-4EC4-83E5-11833E3EDE61}.Debug|iPhoneSimulator.ActiveCfg = Debug|iPhoneSimulator
		{76A19E67-06FA-4EC4-83E5-11833E3EDE61}.Debug|iPhoneSimulator.Build.0 = Debug|iPhoneSimulator
		{76A19E67-06FA-4EC4-83E5-11833E3EDE61}.Debug|iPhoneSimulator.Deploy.0 = Debug|iPhoneSimulator
		{76A19E67-06FA-4EC4-83E5-11833E3EDE61}.Release|Any CPU.ActiveCfg = Release|iPhone
		{76A19E67-06FA-4EC4-83E5-11833E3EDE61}.Release|Any CPU.Build.0 = Release|iPhone
		{76A19E67-06FA-4EC4-83E5-11833E3EDE61}.Release|Any CPU.Deploy.0 = Release|iPhone
		{76A19E67-06FA-4EC4-83E5-11833E3EDE61}.Release|iPhone.ActiveCfg = Release|iPhone
		{76A19E67-06FA-4EC4-83E5-11833E3EDE61}.Release|iPhone.Build.0 = Release|iPhone
		{76A19E67-06FA-4EC4-83E5-11833E3EDE61}.Release|iPhone.Deploy.0 = Release|iPhone
		{76A19E67-06FA-4EC4-83E5-11833E3EDE61}.Release|iPhoneSimulator.ActiveCfg = Release|iPhoneSimulator
		{76A19E67-06FA-4EC4-83E5-11833E3EDE61}.Release|iPhoneSimulator.Build.0 = Release|iPhoneSimulator
		{76A19E67-06FA-4EC4-83E5-11833E3EDE61}.Release|iPhoneSimulator.Deploy.0 = Release|iPhoneSimulator
		{F061D909-C061-4FEB-8DB5-563EBB8EC3CA}.Debug|Any CPU.ActiveCfg = Debug|Any CPU
		{F061D909-C061-4FEB-8DB5-563EBB8EC3CA}.Debug|Any CPU.Build.0 = Debug|Any CPU
		{F061D909-C061-4FEB-8DB5-563EBB8EC3CA}.Debug|Any CPU.Deploy.0 = Debug|Any CPU
		{F061D909-C061-4FEB-8DB5-563EBB8EC3CA}.Debug|iPhone.ActiveCfg = Debug|Any CPU
		{F061D909-C061-4FEB-8DB5-563EBB8EC3CA}.Debug|iPhone.Build.0 = Debug|Any CPU
		{F061D909-C061-4FEB-8DB5-563EBB8EC3CA}.Debug|iPhone.Deploy.0 = Debug|Any CPU
		{F061D909-C061-4FEB-8DB5-563EBB8EC3CA}.Debug|iPhoneSimulator.ActiveCfg = Debug|Any CPU
		{F061D909-C061-4FEB-8DB5-563EBB8EC3CA}.Debug|iPhoneSimulator.Build.0 = Debug|Any CPU
		{F061D909-C061-4FEB-8DB5-563EBB8EC3CA}.Debug|iPhoneSimulator.Deploy.0 = Debug|Any CPU
		{F061D909-C061-4FEB-8DB5-563EBB8EC3CA}.Release|Any CPU.ActiveCfg = Release|Any CPU
		{F061D909-C061-4FEB-8DB5-563EBB8EC3CA}.Release|Any CPU.Build.0 = Release|Any CPU
		{F061D909-C061-4FEB-8DB5-563EBB8EC3CA}.Release|Any CPU.Deploy.0 = Release|Any CPU
		{F061D909-C061-4FEB-8DB5-563EBB8EC3CA}.Release|iPhone.ActiveCfg = Release|Any CPU
		{F061D909-C061-4FEB-8DB5-563EBB8EC3CA}.Release|iPhone.Build.0 = Release|Any CPU
		{F061D909-C061-4FEB-8DB5-563EBB8EC3CA}.Release|iPhone.Deploy.0 = Release|Any CPU
		{F061D909-C061-4FEB-8DB5-563EBB8EC3CA}.Release|iPhoneSimulator.ActiveCfg = Release|Any CPU
		{F061D909-C061-4FEB-8DB5-563EBB8EC3CA}.Release|iPhoneSimulator.Build.0 = Release|Any CPU
		{F061D909-C061-4FEB-8DB5-563EBB8EC3CA}.Release|iPhoneSimulator.Deploy.0 = Release|Any CPU
	EndGlobalSection
	GlobalSection(SolutionProperties) = preSolution
		HideSolutionNode = FALSE
	EndGlobalSection
	GlobalSection(ExtensibilityGlobals) = postSolution
		SolutionGuid = {E31B46DC-9C43-4F4F-BA5F-225B9EA927E4}
	EndGlobalSection
EndGlobal
